
Microsoft Visual Studio Solution File, Format Version 12.00
# Visual Studio Version 17
VisualStudioVersion = 17.14.36301.6 d17.14
MinimumVisualStudioVersion = 10.0.40219.1
Project("{FAE04EC0-301F-11D3-BF4B-00C04F79EFBC}") = "Coding Tracker 0793", "Coding Tracker 0793\Coding Tracker 0793.csproj", "{BA9DD552-F4DB-4364-AE99-3955827352FB}"
EndProject
Global
	GlobalSection(SolutionConfigurationPlatforms) = preSolution
		Debug|Any CPU = Debug|Any CPU
		Release|Any CPU = Release|Any CPU
	EndGlobalSection
	GlobalSection(ProjectConfigurationPlatforms) = postSolution
		{BA9DD552-F4DB-4364-AE99-3955827352FB}.Debug|Any CPU.ActiveCfg = Debug|Any CPU
		{BA9DD552-F4DB-4364-AE99-3955827352FB}.Debug|Any CPU.Build.0 = Debug|Any CPU
		{BA9DD552-F4DB-4364-AE99-3955827352FB}.Release|Any CPU.ActiveCfg = Release|Any CPU
		{BA9DD552-F4DB-4364-AE99-3955827352FB}.Release|Any CPU.Build.0 = Release|Any CPU
	EndGlobalSection
	GlobalSection(SolutionProperties) = preSolution
		HideSolutionNode = FALSE
	EndGlobalSection
	GlobalSection(ExtensibilityGlobals) = postSolution
		SolutionGuid = {0DBA3A35-D266-4B54-AC1C-A0F48F9CC705}
	EndGlobalSection
EndGlobal
